// !$*UTF8*$!
{
	archiveVersion = 1;
	classes = {
	};
	objectVersion = 50;
	objects = {

/* Begin PBXBuildFile section */
		8A0CBEE72482A325001462F9 /* river-and-train.m4a in Resources */ = {isa = PBXBuildFile; fileRef = 8A0CBEE62482A325001462F9 /* river-and-train.m4a */; };
		8A2BC31524829EEB00583D3E /* AppDelegate.swift in Sources */ = {isa = PBXBuildFile; fileRef = 8A2BC31424829EEB00583D3E /* AppDelegate.swift */; };
		8A2BC31724829EEB00583D3E /* SceneDelegate.swift in Sources */ = {isa = PBXBuildFile; fileRef = 8A2BC31624829EEB00583D3E /* SceneDelegate.swift */; };
		8A2BC31924829EEB00583D3E /* ViewController.swift in Sources */ = {isa = PBXBuildFile; fileRef = 8A2BC31824829EEB00583D3E /* ViewController.swift */; };
		8A2BC31C24829EEB00583D3E /* Main.storyboard in Resources */ = {isa = PBXBuildFile; fileRef = 8A2BC31A24829EEB00583D3E /* Main.storyboard */; };
		8A2BC31E24829EEC00583D3E /* Assets.xcassets in Resources */ = {isa = PBXBuildFile; fileRef = 8A2BC31D24829EEC00583D3E /* Assets.xcassets */; };
		8A2BC32124829EEC00583D3E /* LaunchScreen.storyboard in Resources */ = {isa = PBXBuildFile; fileRef = 8A2BC31F24829EEC00583D3E /* LaunchScreen.storyboard */; };
/* End PBXBuildFile section */

/* Begin PBXFileReference section */
		8A0CBEE62482A325001462F9 /* river-and-train.m4a */ = {isa = PBXFileReference; lastKnownFileType = file; path = "river-and-train.m4a"; sourceTree = "<group>"; };
		8A2BC31124829EEB00583D3E /* AudioSessionSample.app */ = {isa = PBXFileReference; explicitFileType = wrapper.application; includeInIndex = 0; path = AudioSessionSample.app; sourceTree = BUILT_PRODUCTS_DIR; };
		8A2BC31424829EEB00583D3E /* AppDelegate.swift */ = {isa = PBXFileReference; lastKnownFileType = sourcecode.swift; path = AppDelegate.swift; sourceTree = "<group>"; };
		8A2BC31624829EEB00583D3E /* SceneDelegate.swift */ = {isa = PBXFileReference; lastKnownFileType = sourcecode.swift; path = SceneDelegate.swift; sourceTree = "<group>"; };
		8A2BC31824829EEB00583D3E /* ViewController.swift */ = {isa = PBXFileReference; lastKnownFileType = sourcecode.swift; path = ViewController.swift; sourceTree = "<group>"; };
		8A2BC31B24829EEB00583D3E /* Base */ = {isa = PBXFileReference; lastKnownFileType = file.storyboard; name = Base; path = Base.lproj/Main.storyboard; sourceTree = "<group>"; };
		8A2BC31D24829EEC00583D3E /* Assets.xcassets */ = {isa = PBXFileReference; lastKnownFileType = folder.assetcatalog; path = Assets.xcassets; sourceTree = "<group>"; };
		8A2BC32024829EEC00583D3E /* Base */ = {isa = PBXFileReference; lastKnownFileType = file.storyboard; name = Base; path = Base.lproj/LaunchScreen.storyboard; sourceTree = "<group>"; };
		8A2BC32224829EEC00583D3E /* Info.plist */ = {isa = PBXFileReference; lastKnownFileType = text.plist.xml; path = Info.plist; sourceTree = "<group>"; };
/* End PBXFileReference section */

/* Begin PBXFrameworksBuildPhase section */
		8A2BC30E24829EEB00583D3E /* Frameworks */ = {
			isa = PBXFrameworksBuildPhase;
			buildActionMask = 2147483647;
			files = (
			);
			runOnlyForDeploymentPostprocessing = 0;
		};
/* End PBXFrameworksBuildPhase section */

/* Begin PBXGroup section */
		8A2BC30824829EEB00583D3E = {
			isa = PBXGroup;
			children = (
				8A2BC31324829EEB00583D3E /* AudioSessionSample */,
				8A2BC31224829EEB00583D3E /* Products */,
			);
			sourceTree = "<group>";
		};
		8A2BC31224829EEB00583D3E /* Products */ = {
			isa = PBXGroup;
			children = (
				8A2BC31124829EEB00583D3E /* AudioSessionSample.app */,
			);
			name = Products;
			sourceTree = "<group>";
		};
		8A2BC31324829EEB00583D3E /* AudioSessionSample */ = {
			isa = PBXGroup;
			children = (
				8A2BC31424829EEB00583D3E /* AppDelegate.swift */,
				8A2BC31624829EEB00583D3E /* SceneDelegate.swift */,
				8A2BC31824829EEB00583D3E /* ViewController.swift */,
				8A0CBEE62482A325001462F9 /* river-and-train.m4a */,
				8A2BC31A24829EEB00583D3E /* Main.storyboard */,
				8A2BC31D24829EEC00583D3E /* Assets.xcassets */,
				8A2BC31F24829EEC00583D3E /* LaunchScreen.storyboard */,
				8A2BC32224829EEC00583D3E /* Info.plist */,
			);
			path = AudioSessionSample;
			sourceTree = "<group>";
		};
/* End PBXGroup section */

/* Begin PBXNativeTarget section */
		8A2BC31024829EEB00583D3E /* AudioSessionSample */ = {
			isa = PBXNativeTarget;
			buildConfigurationList = 8A2BC32524829EEC00583D3E /* Build configuration list for PBXNativeTarget "AudioSessionSample" */;
			buildPhases = (
				8A2BC30D24829EEB00583D3E /* Sources */,
				8A2BC30E24829EEB00583D3E /* Frameworks */,
				8A2BC30F24829EEB00583D3E /* Resources */,
			);
			buildRules = (
			);
			dependencies = (
			);
			name = AudioSessionSample;
			productName = AudioSessionSample;
			productReference = 8A2BC31124829EEB00583D3E /* AudioSessionSample.app */;
			productType = "com.apple.product-type.application";
		};
/* End PBXNativeTarget section */

/* Begin PBXProject section */
		8A2BC30924829EEB00583D3E /* Project object */ = {
			isa = PBXProject;
			attributes = {
				LastSwiftUpdateCheck = 1150;
				LastUpgradeCheck = 1150;
				ORGANIZATIONNAME = "鈴木 俊裕";
				TargetAttributes = {
					8A2BC31024829EEB00583D3E = {
						CreatedOnToolsVersion = 11.5;
					};
				};
			};
			buildConfigurationList = 8A2BC30C24829EEB00583D3E /* Build configuration list for PBXProject "AudioSessionSample" */;
			compatibilityVersion = "Xcode 9.3";
			developmentRegion = en;
			hasScannedForEncodings = 0;
			knownRegions = (
				en,
				Base,
			);
			mainGroup = 8A2BC30824829EEB00583D3E;
			productRefGroup = 8A2BC31224829EEB00583D3E /* Products */;
			projectDirPath = "";
			projectRoot = "";
			targets = (
				8A2BC31024829EEB00583D3E /* AudioSessionSample */,
			);
		};
/* End PBXProject section */

/* Begin PBXResourcesBuildPhase section */
		8A2BC30F24829EEB00583D3E /* Resources */ = {
			isa = PBXResourcesBuildPhase;
			buildActionMask = 2147483647;
			files = (
				8A2BC32124829EEC00583D3E /* LaunchScreen.storyboard in Resources */,
				8A2BC31E24829EEC00583D3E /* Assets.xcassets in Resources */,
				8A2BC31C24829EEB00583D3E /* Main.storyboard in Resources */,
				8A0CBEE72482A325001462F9 /* river-and-train.m4a in Resources */,
			);
			runOnlyForDeploymentPostprocessing = 0;
		};
/* End PBXResourcesBuildPhase section */

/* Begin PBXSourcesBuildPhase section */
		8A2BC30D24829EEB00583D3E /* Sources */ = {
			isa = PBXSourcesBuildPhase;
			buildActionMask = 2147483647;
			files = (
				8A2BC31924829EEB00583D3E /* ViewController.swift in Sources */,
				8A2BC31524829EEB00583D3E /* AppDelegate.swift in Sources */,
				8A2BC31724829EEB00583D3E /* SceneDelegate.swift in Sources */,
			);
			runOnlyForDeploymentPostprocessing = 0;
		};
/* End PBXSourcesBuildPhase section */

/* Begin PBXVariantGroup section */
		8A2BC31A24829EEB00583D3E /* Main.storyboard */ = {
			isa = PBXVariantGroup;
			children = (
				8A2BC31B24829EEB00583D3E /* Base */,
			);
			name = Main.storyboard;
			sourceTree = "<group>";
		};
		8A2BC31F24829EEC00583D3E /* LaunchScreen.storyboard */ = {
			isa = PBXVariantGroup;
			children = (
				8A2BC32024829EEC00583D3E /* Base */,
			);
			name = LaunchScreen.storyboard;
			sourceTree = "<group>";
		};
/* End PBXVariantGroup section */

/* Begin XCBuildConfiguration section */
		8A2BC32324829EEC00583D3E /* Debug */ = {
			isa = XCBuildConfiguration;
			buildSettings = {
				ALWAYS_SEARCH_USER_PATHS = NO;
				CLANG_ANALYZER_NONNULL = YES;
				CLANG_ANALYZER_NUMBER_OBJECT_CONVERSION = YES_AGGRESSIVE;
				CLANG_CXX_LANGUAGE_STANDARD = "gnu++14";
				CLANG_CXX_LIBRARY = "libc++";
				CLANG_ENABLE_MODULES = YES;
				CLANG_ENABLE_OBJC_ARC = YES;
				CLANG_ENABLE_OBJC_WEAK = YES;
				CLANG_WARN_BLOCK_CAPTURE_AUTORELEASING = YES;
				CLANG_WARN_BOOL_CONVERSION = YES;
				CLANG_WARN_COMMA = YES;
				CLANG_WARN_CONSTANT_CONVERSION = YES;
				CLANG_WARN_DEPRECATED_OBJC_IMPLEMENTATIONS = YES;
				CLANG_WARN_DIRECT_OBJC_ISA_USAGE = YES_ERROR;
				CLANG_WARN_DOCUMENTATION_COMMENTS = YES;
				CLANG_WARN_EMPTY_BODY = YES;
				CLANG_WARN_ENUM_CONVERSION = YES;
				CLANG_WARN_INFINITE_RECURSION = YES;
				CLANG_WARN_INT_CONVERSION = YES;
				CLANG_WARN_NON_LITERAL_NULL_CONVERSION = YES;
				CLANG_WARN_OBJC_IMPLICIT_RETAIN_SELF = YES;
				CLANG_WARN_OBJC_LITERAL_CONVERSION = YES;
				CLANG_WARN_OBJC_ROOT_CLASS = YES_ERROR;
				CLANG_WARN_RANGE_LOOP_ANALYSIS = YES;
				CLANG_WARN_STRICT_PROTOTYPES = YES;
				CLANG_WARN_SUSPICIOUS_MOVE = YES;
				CLANG_WARN_UNGUARDED_AVAILABILITY = YES_AGGRESSIVE;
				CLANG_WARN_UNREACHABLE_CODE = YES;
				CLANG_WARN__DUPLICATE_METHOD_MATCH = YES;
				COPY_PHASE_STRIP = NO;
				DEBUG_INFORMATION_FORMAT = dwarf;
				ENABLE_STRICT_OBJC_MSGSEND = YES;
				ENABLE_TESTABILITY = YES;
				GCC_C_LANGUAGE_STANDARD = gnu11;
				GCC_DYNAMIC_NO_PIC = NO;
				GCC_NO_COMMON_BLOCKS = YES;
				GCC_OPTIMIZATION_LEVEL = 0;
				GCC_PREPROCESSOR_DEFINITIONS = (
					"DEBUG=1",
					"$(inherited)",
				);
				GCC_WARN_64_TO_32_BIT_CONVERSION = YES;
				GCC_WARN_ABOUT_RETURN_TYPE = YES_ERROR;
				GCC_WARN_UNDECLARED_SELECTOR = YES;
				GCC_WARN_UNINITIALIZED_AUTOS = YES_AGGRESSIVE;
				GCC_WARN_UNUSED_FUNCTION = YES;
				GCC_WARN_UNUSED_VARIABLE = YES;
				IPHONEOS_DEPLOYMENT_TARGET = 13.5;
				MTL_ENABLE_DEBUG_INFO = INCLUDE_SOURCE;
				MTL_FAST_MATH = YES;
				ONLY_ACTIVE_ARCH = YES;
				SDKROOT = iphoneos;
				SWIFT_ACTIVE_COMPILATION_CONDITIONS = DEBUG;
				SWIFT_OPTIMIZATION_LEVEL = "-Onone";
			};
			name = Debug;
		};
		8A2BC32424829EEC00583D3E /* Release */ = {
			isa = XCBuildConfiguration;
			buildSettings = {
				ALWAYS_SEARCH_USER_PATHS = NO;
				CLANG_ANALYZER_NONNULL = YES;
				CLANG_ANALYZER_NUMBER_OBJECT_CONVERSION = YES_AGGRESSIVE;
				CLANG_CXX_LANGUAGE_STANDARD = "gnu++14";
				CLANG_CXX_LIBRARY = "libc++";
				CLANG_ENABLE_MODULES = YES;
				CLANG_ENABLE_OBJC_ARC = YES;
				CLANG_ENABLE_OBJC_WEAK = YES;
				CLANG_WARN_BLOCK_CAPTURE_AUTORELEASING = YES;
				CLANG_WARN_BOOL_CONVERSION = YES;
				CLANG_WARN_COMMA = YES;
				CLANG_WARN_CONSTANT_CONVERSION = YES;
				CLANG_WARN_DEPRECATED_OBJC_IMPLEMENTATIONS = YES;
				CLANG_WARN_DIRECT_OBJC_ISA_USAGE = YES_ERROR;
				CLANG_WARN_DOCUMENTATION_COMMENTS = YES;
				CLANG_WARN_EMPTY_BODY = YES;
				CLANG_WARN_ENUM_CONVERSION = YES;
				CLANG_WARN_INFINITE_RECURSION = YES;
				CLANG_WARN_INT_CONVERSION = YES;
				CLANG_WARN_NON_LITERAL_NULL_CONVERSION = YES;
				CLANG_WARN_OBJC_IMPLICIT_RETAIN_SELF = YES;
				CLANG_WARN_OBJC_LITERAL_CONVERSION = YES;
				CLANG_WARN_OBJC_ROOT_CLASS = YES_ERROR;
				CLANG_WARN_RANGE_LOOP_ANALYSIS = YES;
				CLANG_WARN_STRICT_PROTOTYPES = YES;
				CLANG_WARN_SUSPICIOUS_MOVE = YES;
				CLANG_WARN_UNGUARDED_AVAILABILITY = YES_AGGRESSIVE;
				CLANG_WARN_UNREACHABLE_CODE = YES;
				CLANG_WARN__DUPLICATE_METHOD_MATCH = YES;
				COPY_PHASE_STRIP = NO;
				DEBUG_INFORMATION_FORMAT = "dwarf-with-dsym";
				ENABLE_NS_ASSERTIONS = NO;
				ENABLE_STRICT_OBJC_MSGSEND = YES;
				GCC_C_LANGUAGE_STANDARD = gnu11;
				GCC_NO_COMMON_BLOCKS = YES;
				GCC_WARN_64_TO_32_BIT_CONVERSION = YES;
				GCC_WARN_ABOUT_RETURN_TYPE = YES_ERROR;
				GCC_WARN_UNDECLARED_SELECTOR = YES;
				GCC_WARN_UNINITIALIZED_AUTOS = YES_AGGRESSIVE;
				GCC_WARN_UNUSED_FUNCTION = YES;
				GCC_WARN_UNUSED_VARIABLE = YES;
				IPHONEOS_DEPLOYMENT_TARGET = 13.5;
				MTL_ENABLE_DEBUG_INFO = NO;
				MTL_FAST_MATH = YES;
				SDKROOT = iphoneos;
				SWIFT_COMPILATION_MODE = wholemodule;
				SWIFT_OPTIMIZATION_LEVEL = "-O";
				VALIDATE_PRODUCT = YES;
			};
			name = Release;
		};
		8A2BC32624829EEC00583D3E /* Debug */ = {
			isa = XCBuildConfiguration;
			buildSettings = {
				ASSETCATALOG_COMPILER_APPICON_NAME = AppIcon;
				CODE_SIGN_STYLE = Automatic;
				DEVELOPMENT_TEAM = 5WSE8X23BF;
				INFOPLIST_FILE = AudioSessionSample/Info.plist;
				LD_RUNPATH_SEARCH_PATHS = (
					"$(inherited)",
					"@executable_path/Frameworks",
				);
				PRODUCT_BUNDLE_IDENTIFIER = jp.toshi0383.AudioSessionSample;
				PRODUCT_NAME = "$(TARGET_NAME)";
				SWIFT_VERSION = 5.0;
				TARGETED_DEVICE_FAMILY = "1,2";
			};
			name = Debug;
		};
		8A2BC32724829EEC00583D3E /* Release */ = {
			isa = XCBuildConfiguration;
			buildSettings = {
				ASSETCATALOG_COMPILER_APPICON_NAME = AppIcon;
				CODE_SIGN_STYLE = Automatic;
				DEVELOPMENT_TEAM = 5WSE8X23BF;
				INFOPLIST_FILE = AudioSessionSample/Info.plist;
				LD_RUNPATH_SEARCH_PATHS = (
					"$(inherited)",
					"@executable_path/Frameworks",
				);
				PRODUCT_BUNDLE_IDENTIFIER = jp.toshi0383.AudioSessionSample;
				PRODUCT_NAME = "$(TARGET_NAME)";
				SWIFT_VERSION = 5.0;
				TARGETED_DEVICE_FAMILY = "1,2";
			};
			name = Release;
		};
/* End XCBuildConfiguration section */

/* Begin XCConfigurationList section */
		8A2BC30C24829EEB00583D3E /* Build configuration list for PBXProject "AudioSessionSample" */ = {
			isa = XCConfigurationList;
			buildConfigurations = (
				8A2BC32324829EEC00583D3E /* Debug */,
				8A2BC32424829EEC00583D3E /* Release */,
			);
			defaultConfigurationIsVisible = 0;
			defaultConfigurationName = Release;
		};
		8A2BC32524829EEC00583D3E /* Build configuration list for PBXNativeTarget "AudioSessionSample" */ = {
			isa = XCConfigurationList;
			buildConfigurations = (
				8A2BC32624829EEC00583D3E /* Debug */,
				8A2BC32724829EEC00583D3E /* Release */,
			);
			defaultConfigurationIsVisible = 0;
			defaultConfigurationName = Release;
		};
/* End XCConfigurationList section */
	};
	rootObject = 8A2BC30924829EEB00583D3E /* Project object */;
}
